
Microsoft Visual Studio Solution File, Format Version 12.00
# Visual Studio Version 16
VisualStudioVersion = 16.0.29209.62
MinimumVisualStudioVersion = 10.0.40219.1
Project("{2150E333-8FDC-42A3-9474-1A3956D46DE8}") = "src", "src", "{0DF0BBF2-6FA6-415E-A792-400FED280E10}"
EndProject
Project("{2150E333-8FDC-42A3-9474-1A3956D46DE8}") = "BuildingBlocks", "BuildingBlocks", "{E92E0324-DFDF-4910-B138-8C450B6E4792}"
EndProject
Project("{FAE04EC0-301F-11D3-BF4B-00C04F79EFBC}") = "EventBus", "src\BuildingBlocks\EventBus\EventBus.csproj", "{50BB76C5-4CDA-419A-8AC5-7038E8F29ED8}"
EndProject
Global
	GlobalSection(SolutionConfigurationPlatforms) = preSolution
		Debug|Any CPU = Debug|Any CPU
		Release|Any CPU = Release|Any CPU
	EndGlobalSection
	GlobalSection(ProjectConfigurationPlatforms) = postSolution
		{50BB76C5-4CDA-419A-8AC5-7038E8F29ED8}.Debug|Any CPU.ActiveCfg = Debug|Any CPU
		{50BB76C5-4CDA-419A-8AC5-7038E8F29ED8}.Debug|Any CPU.Build.0 = Debug|Any CPU
		{50BB76C5-4CDA-419A-8AC5-7038E8F29ED8}.Release|Any CPU.ActiveCfg = Release|Any CPU
		{50BB76C5-4CDA-419A-8AC5-7038E8F29ED8}.Release|Any CPU.Build.0 = Release|Any CPU
	EndGlobalSection
	GlobalSection(SolutionProperties) = preSolution
		HideSolutionNode = FALSE
	EndGlobalSection
	GlobalSection(NestedProjects) = preSolution
		{E92E0324-DFDF-4910-B138-8C450B6E4792} = {0DF0BBF2-6FA6-415E-A792-400FED280E10}
		{50BB76C5-4CDA-419A-8AC5-7038E8F29ED8} = {E92E0324-DFDF-4910-B138-8C450B6E4792}
	EndGlobalSection
	GlobalSection(ExtensibilityGlobals) = postSolution
		SolutionGuid = {749DC4E7-3783-4BAD-8B9B-197FC0F85710}
	EndGlobalSection
EndGlobal
